// !$*UTF8*$!
{
	archiveVersion = 1;
	classes = {
	};
	objectVersion = 56;
	objects = {

/* Begin PBXBuildFile section */
		1A6DA21A2AA671070030F6A2 /* test.swift in Sources */ = {isa = PBXBuildFile; fileRef = 1A6DA2192AA671070030F6A2 /* test.swift */; };
		1A6DA21C2AA674760030F6A2 /* GamesData.swift in Sources */ = {isa = PBXBuildFile; fileRef = 1A6DA21B2AA674760030F6A2 /* GamesData.swift */; };
		1A7D579D2A9E9EB200B82DBD /* UserModel.swift in Sources */ = {isa = PBXBuildFile; fileRef = 1A7D579C2A9E9EB200B82DBD /* UserModel.swift */; };
		1A7D579F2A9FB7A400B82DBD /* GameComments.swift in Sources */ = {isa = PBXBuildFile; fileRef = 1A7D579E2A9FB7A400B82DBD /* GameComments.swift */; };
		1A7D57A12A9FDC0400B82DBD /* SignIn.swift in Sources */ = {isa = PBXBuildFile; fileRef = 1A7D57A02A9FDC0400B82DBD /* SignIn.swift */; };
		1A7D57A32A9FDCBC00B82DBD /* BackgroundView.swift in Sources */ = {isa = PBXBuildFile; fileRef = 1A7D57A22A9FDCBB00B82DBD /* BackgroundView.swift */; };
		1A7D57A52AA07CE500B82DBD /* SignUp.swift in Sources */ = {isa = PBXBuildFile; fileRef = 1A7D57A42AA07CE500B82DBD /* SignUp.swift */; };
		1A7D57AD2AA2978B00B82DBD /* GoogleService-Info.plist in Resources */ = {isa = PBXBuildFile; fileRef = 1A7D57AC2AA2978A00B82DBD /* GoogleService-Info.plist */; };
		1A7D57AF2AA3D74B00B82DBD /* UserDataViewModel.swift in Sources */ = {isa = PBXBuildFile; fileRef = 1A7D57AE2AA3D74B00B82DBD /* UserDataViewModel.swift */; };
		1A7D57B32AA5329B00B82DBD /* gamesv2.json in Resources */ = {isa = PBXBuildFile; fileRef = 1A7D57B22AA5329B00B82DBD /* gamesv2.json */; };
		1ACA54342AACA05700F5CB7D /* Comments.swift in Sources */ = {isa = PBXBuildFile; fileRef = 1ACA54332AACA05700F5CB7D /* Comments.swift */; };
		1ACA54352AAD4AB700F5CB7D /* HomeView.swift in Sources */ = {isa = PBXBuildFile; fileRef = 1AFF8E612AA9AE3B008954B5 /* HomeView.swift */; };
		1ACA54422AAD4C9D00F5CB7D /* SairaSemiCondensed-Medium.ttf in Resources */ = {isa = PBXBuildFile; fileRef = 1ACA54382AAD4C9D00F5CB7D /* SairaSemiCondensed-Medium.ttf */; };
		1ACA54432AAD4C9D00F5CB7D /* SairaSemiCondensed-Bold.ttf in Resources */ = {isa = PBXBuildFile; fileRef = 1ACA54392AAD4C9D00F5CB7D /* SairaSemiCondensed-Bold.ttf */; };
		1ACA54442AAD4C9D00F5CB7D /* SairaSemiCondensed-Thin.ttf in Resources */ = {isa = PBXBuildFile; fileRef = 1ACA543A2AAD4C9D00F5CB7D /* SairaSemiCondensed-Thin.ttf */; };
		1ACA54452AAD4C9D00F5CB7D /* SairaSemiCondensed-Regular.ttf in Resources */ = {isa = PBXBuildFile; fileRef = 1ACA543B2AAD4C9D00F5CB7D /* SairaSemiCondensed-Regular.ttf */; };
		1ACA54462AAD4C9D00F5CB7D /* SairaSemiCondensed-ExtraBold.ttf in Resources */ = {isa = PBXBuildFile; fileRef = 1ACA543C2AAD4C9D00F5CB7D /* SairaSemiCondensed-ExtraBold.ttf */; };
		1ACA54472AAD4C9D00F5CB7D /* SairaSemiCondensed-ExtraLight.ttf in Resources */ = {isa = PBXBuildFile; fileRef = 1ACA543D2AAD4C9D00F5CB7D /* SairaSemiCondensed-ExtraLight.ttf */; };
		1ACA54482AAD4C9D00F5CB7D /* SairaSemiCondensed-SemiBold.ttf in Resources */ = {isa = PBXBuildFile; fileRef = 1ACA543E2AAD4C9D00F5CB7D /* SairaSemiCondensed-SemiBold.ttf */; };
		1ACA544A2AAD4C9D00F5CB7D /* SairaSemiCondensed-Light.ttf in Resources */ = {isa = PBXBuildFile; fileRef = 1ACA54402AAD4C9D00F5CB7D /* SairaSemiCondensed-Light.ttf */; };
		1ACA544B2AAD4CE200F5CB7D /* OFL.txt in Resources */ = {isa = PBXBuildFile; fileRef = 1ACA543F2AAD4C9D00F5CB7D /* OFL.txt */; };
		1ACA544C2AAD4E5C00F5CB7D /* SairaSemiCondensed-Black.ttf in Resources */ = {isa = PBXBuildFile; fileRef = 1ACA544E2AAD4E5C00F5CB7D /* SairaSemiCondensed-Black.ttf */; };
		1AF4901E2A9E8BB9005DBE6A /* finalProjectApp.swift in Sources */ = {isa = PBXBuildFile; fileRef = 1AF4901D2A9E8BB9005DBE6A /* finalProjectApp.swift */; };
		1AF490202A9E8BB9005DBE6A /* RootView.swift in Sources */ = {isa = PBXBuildFile; fileRef = 1AF4901F2A9E8BB9005DBE6A /* RootView.swift */; };
		1AF490222A9E8BBB005DBE6A /* Assets.xcassets in Resources */ = {isa = PBXBuildFile; fileRef = 1AF490212A9E8BBB005DBE6A /* Assets.xcassets */; };
		1AF490252A9E8BBB005DBE6A /* Preview Assets.xcassets in Resources */ = {isa = PBXBuildFile; fileRef = 1AF490242A9E8BBB005DBE6A /* Preview Assets.xcassets */; };
		1AF490302A9E8F8B005DBE6A /* FirebaseAuth in Frameworks */ = {isa = PBXBuildFile; productRef = 1AF4902F2A9E8F8B005DBE6A /* FirebaseAuth */; };
		1AF490322A9E8F8B005DBE6A /* FirebaseAuthCombine-Community in Frameworks */ = {isa = PBXBuildFile; productRef = 1AF490312A9E8F8B005DBE6A /* FirebaseAuthCombine-Community */; };
		1AF490342A9E8F8B005DBE6A /* FirebaseFirestore in Frameworks */ = {isa = PBXBuildFile; productRef = 1AF490332A9E8F8B005DBE6A /* FirebaseFirestore */; };
		1AF490362A9E8F8B005DBE6A /* FirebaseFirestoreCombine-Community in Frameworks */ = {isa = PBXBuildFile; productRef = 1AF490352A9E8F8B005DBE6A /* FirebaseFirestoreCombine-Community */; };
		1AF490382A9E8F8B005DBE6A /* FirebaseFirestoreSwift in Frameworks */ = {isa = PBXBuildFile; productRef = 1AF490372A9E8F8B005DBE6A /* FirebaseFirestoreSwift */; };
		1AF4903A2A9E8F8B005DBE6A /* FirebaseStorage in Frameworks */ = {isa = PBXBuildFile; productRef = 1AF490392A9E8F8B005DBE6A /* FirebaseStorage */; };
		1AF4903C2A9E8F8B005DBE6A /* FirebaseStorageCombine-Community in Frameworks */ = {isa = PBXBuildFile; productRef = 1AF4903B2A9E8F8B005DBE6A /* FirebaseStorageCombine-Community */; };
		1AFF8E6A2AA9AE3C008954B5 /* CommentView.swift in Sources */ = {isa = PBXBuildFile; fileRef = 1AFF8E622AA9AE3C008954B5 /* CommentView.swift */; };
		1AFF8E6B2AA9AE3C008954B5 /* ListView.swift in Sources */ = {isa = PBXBuildFile; fileRef = 1AFF8E632AA9AE3C008954B5 /* ListView.swift */; };
		1AFF8E6C2AA9AE3C008954B5 /* DetailsGameView.swift in Sources */ = {isa = PBXBuildFile; fileRef = 1AFF8E642AA9AE3C008954B5 /* DetailsGameView.swift */; };
		1AFF8E6D2AA9AE3C008954B5 /* mainView.swift in Sources */ = {isa = PBXBuildFile; fileRef = 1AFF8E652AA9AE3C008954B5 /* mainView.swift */; };
		1AFF8E6E2AA9AE3C008954B5 /* ProfileView.swift in Sources */ = {isa = PBXBuildFile; fileRef = 1AFF8E662AA9AE3C008954B5 /* ProfileView.swift */; };
		1AFF8E6F2AA9AE3C008954B5 /* GameView.swift in Sources */ = {isa = PBXBuildFile; fileRef = 1AFF8E672AA9AE3C008954B5 /* GameView.swift */; };
		1AFF8E702AA9AE3C008954B5 /* RatingView.swift in Sources */ = {isa = PBXBuildFile; fileRef = 1AFF8E682AA9AE3C008954B5 /* RatingView.swift */; };
		1AFF8E722AA9B2C1008954B5 /* GameModel.swift in Sources */ = {isa = PBXBuildFile; fileRef = 1AFF8E712AA9B2C1008954B5 /* GameModel.swift */; };
		E0DEE5A92AABCEE300E3D9C2 /* Localizable.strings in Resources */ = {isa = PBXBuildFile; fileRef = E0DEE5A72AABCEE300E3D9C2 /* Localizable.strings */; };
		E0DEE5AD2AABCEF200E3D9C2 /* Localizable.strings in Resources */ = {isa = PBXBuildFile; fileRef = E0DEE5AB2AABCEF200E3D9C2 /* Localizable.strings */; };
		E0DEE5AF2AABCF5700E3D9C2 /* ImageProfileView.swift in Sources */ = {isa = PBXBuildFile; fileRef = E0DEE5AE2AABCF5700E3D9C2 /* ImageProfileView.swift */; };
		E0DEE5B12AABCFEA00E3D9C2 /* ImageProfileViewModel.swift in Sources */ = {isa = PBXBuildFile; fileRef = E0DEE5B02AABCFEA00E3D9C2 /* ImageProfileViewModel.swift */; };
		E0DEE5B32AABD77600E3D9C2 /* GameComponentView.swift in Sources */ = {isa = PBXBuildFile; fileRef = E0DEE5B22AABD77600E3D9C2 /* GameComponentView.swift */; };
		E0DEE5B52AABDAE600E3D9C2 /* SplashScreenView.swift in Sources */ = {isa = PBXBuildFile; fileRef = E0DEE5B42AABDAE600E3D9C2 /* SplashScreenView.swift */; };
/* End PBXBuildFile section */

/* Begin PBXFileReference section */
		1A6DA2192AA671070030F6A2 /* test.swift */ = {isa = PBXFileReference; lastKnownFileType = sourcecode.swift; path = test.swift; sourceTree = "<group>"; };
		1A6DA21B2AA674760030F6A2 /* GamesData.swift */ = {isa = PBXFileReference; lastKnownFileType = sourcecode.swift; path = GamesData.swift; sourceTree = "<group>"; };
		1A7D579C2A9E9EB200B82DBD /* UserModel.swift */ = {isa = PBXFileReference; lastKnownFileType = sourcecode.swift; path = UserModel.swift; sourceTree = "<group>"; };
		1A7D579E2A9FB7A400B82DBD /* GameComments.swift */ = {isa = PBXFileReference; lastKnownFileType = sourcecode.swift; path = GameComments.swift; sourceTree = "<group>"; };
		1A7D57A02A9FDC0400B82DBD /* SignIn.swift */ = {isa = PBXFileReference; lastKnownFileType = sourcecode.swift; path = SignIn.swift; sourceTree = "<group>"; };
		1A7D57A22A9FDCBB00B82DBD /* BackgroundView.swift */ = {isa = PBXFileReference; lastKnownFileType = sourcecode.swift; path = BackgroundView.swift; sourceTree = "<group>"; };
		1A7D57A42AA07CE500B82DBD /* SignUp.swift */ = {isa = PBXFileReference; lastKnownFileType = sourcecode.swift; path = SignUp.swift; sourceTree = "<group>"; };
		1A7D57AC2AA2978A00B82DBD /* GoogleService-Info.plist */ = {isa = PBXFileReference; fileEncoding = 4; lastKnownFileType = text.plist.xml; path = "GoogleService-Info.plist"; sourceTree = "<group>"; };
		1A7D57AE2AA3D74B00B82DBD /* UserDataViewModel.swift */ = {isa = PBXFileReference; lastKnownFileType = sourcecode.swift; path = UserDataViewModel.swift; sourceTree = "<group>"; };
		1A7D57B22AA5329B00B82DBD /* gamesv2.json */ = {isa = PBXFileReference; fileEncoding = 4; lastKnownFileType = text.json; path = gamesv2.json; sourceTree = "<group>"; };
		1ACA54332AACA05700F5CB7D /* Comments.swift */ = {isa = PBXFileReference; lastKnownFileType = sourcecode.swift; path = Comments.swift; sourceTree = "<group>"; };
		1ACA54382AAD4C9D00F5CB7D /* SairaSemiCondensed-Medium.ttf */ = {isa = PBXFileReference; lastKnownFileType = file; path = "SairaSemiCondensed-Medium.ttf"; sourceTree = "<group>"; };
		1ACA54392AAD4C9D00F5CB7D /* SairaSemiCondensed-Bold.ttf */ = {isa = PBXFileReference; lastKnownFileType = file; path = "SairaSemiCondensed-Bold.ttf"; sourceTree = "<group>"; };
		1ACA543A2AAD4C9D00F5CB7D /* SairaSemiCondensed-Thin.ttf */ = {isa = PBXFileReference; lastKnownFileType = file; path = "SairaSemiCondensed-Thin.ttf"; sourceTree = "<group>"; };
		1ACA543B2AAD4C9D00F5CB7D /* SairaSemiCondensed-Regular.ttf */ = {isa = PBXFileReference; lastKnownFileType = file; path = "SairaSemiCondensed-Regular.ttf"; sourceTree = "<group>"; };
		1ACA543C2AAD4C9D00F5CB7D /* SairaSemiCondensed-ExtraBold.ttf */ = {isa = PBXFileReference; lastKnownFileType = file; path = "SairaSemiCondensed-ExtraBold.ttf"; sourceTree = "<group>"; };
		1ACA543D2AAD4C9D00F5CB7D /* SairaSemiCondensed-ExtraLight.ttf */ = {isa = PBXFileReference; lastKnownFileType = file; path = "SairaSemiCondensed-ExtraLight.ttf"; sourceTree = "<group>"; };
		1ACA543E2AAD4C9D00F5CB7D /* SairaSemiCondensed-SemiBold.ttf */ = {isa = PBXFileReference; lastKnownFileType = file; path = "SairaSemiCondensed-SemiBold.ttf"; sourceTree = "<group>"; };
		1ACA543F2AAD4C9D00F5CB7D /* OFL.txt */ = {isa = PBXFileReference; fileEncoding = 4; lastKnownFileType = text; path = OFL.txt; sourceTree = "<group>"; };
		1ACA54402AAD4C9D00F5CB7D /* SairaSemiCondensed-Light.ttf */ = {isa = PBXFileReference; lastKnownFileType = file; path = "SairaSemiCondensed-Light.ttf"; sourceTree = "<group>"; };
		1ACA544D2AAD4E5C00F5CB7D /* Base */ = {isa = PBXFileReference; lastKnownFileType = file; name = Base; path = "Base.lproj/SairaSemiCondensed-Black.ttf"; sourceTree = "<group>"; };
		1ACA544F2AAD4E6800F5CB7D /* en */ = {isa = PBXFileReference; lastKnownFileType = file; name = en; path = "en.lproj/SairaSemiCondensed-Black.ttf"; sourceTree = "<group>"; };
		1ACA54502AAD4E6900F5CB7D /* ar */ = {isa = PBXFileReference; lastKnownFileType = file; name = ar; path = "ar.lproj/SairaSemiCondensed-Black.ttf"; sourceTree = "<group>"; };
		1AF4901A2A9E8BB9005DBE6A /* finalProject.app */ = {isa = PBXFileReference; explicitFileType = wrapper.application; includeInIndex = 0; path = finalProject.app; sourceTree = BUILT_PRODUCTS_DIR; };
		1AF4901D2A9E8BB9005DBE6A /* finalProjectApp.swift */ = {isa = PBXFileReference; lastKnownFileType = sourcecode.swift; path = finalProjectApp.swift; sourceTree = "<group>"; };
		1AF4901F2A9E8BB9005DBE6A /* RootView.swift */ = {isa = PBXFileReference; lastKnownFileType = sourcecode.swift; path = RootView.swift; sourceTree = "<group>"; };
		1AF490212A9E8BBB005DBE6A /* Assets.xcassets */ = {isa = PBXFileReference; lastKnownFileType = folder.assetcatalog; path = Assets.xcassets; sourceTree = "<group>"; };
		1AF490242A9E8BBB005DBE6A /* Preview Assets.xcassets */ = {isa = PBXFileReference; lastKnownFileType = folder.assetcatalog; path = "Preview Assets.xcassets"; sourceTree = "<group>"; };
		1AFF8E612AA9AE3B008954B5 /* HomeView.swift */ = {isa = PBXFileReference; fileEncoding = 4; lastKnownFileType = sourcecode.swift; path = HomeView.swift; sourceTree = "<group>"; usesTabs = 0; wrapsLines = 1; };
		1AFF8E622AA9AE3C008954B5 /* CommentView.swift */ = {isa = PBXFileReference; fileEncoding = 4; lastKnownFileType = sourcecode.swift; path = CommentView.swift; sourceTree = "<group>"; };
		1AFF8E632AA9AE3C008954B5 /* ListView.swift */ = {isa = PBXFileReference; fileEncoding = 4; lastKnownFileType = sourcecode.swift; path = ListView.swift; sourceTree = "<group>"; };
		1AFF8E642AA9AE3C008954B5 /* DetailsGameView.swift */ = {isa = PBXFileReference; fileEncoding = 4; lastKnownFileType = sourcecode.swift; path = DetailsGameView.swift; sourceTree = "<group>"; };
		1AFF8E652AA9AE3C008954B5 /* mainView.swift */ = {isa = PBXFileReference; fileEncoding = 4; lastKnownFileType = sourcecode.swift; path = mainView.swift; sourceTree = "<group>"; };
		1AFF8E662AA9AE3C008954B5 /* ProfileView.swift */ = {isa = PBXFileReference; fileEncoding = 4; lastKnownFileType = sourcecode.swift; path = ProfileView.swift; sourceTree = "<group>"; };
		1AFF8E672AA9AE3C008954B5 /* GameView.swift */ = {isa = PBXFileReference; fileEncoding = 4; lastKnownFileType = sourcecode.swift; path = GameView.swift; sourceTree = "<group>"; };
		1AFF8E682AA9AE3C008954B5 /* RatingView.swift */ = {isa = PBXFileReference; fileEncoding = 4; lastKnownFileType = sourcecode.swift; path = RatingView.swift; sourceTree = "<group>"; };
		1AFF8E712AA9B2C1008954B5 /* GameModel.swift */ = {isa = PBXFileReference; fileEncoding = 4; lastKnownFileType = sourcecode.swift; path = GameModel.swift; sourceTree = "<group>"; };
		E0DEE5A82AABCEE300E3D9C2 /* ar */ = {isa = PBXFileReference; lastKnownFileType = text.plist.strings; name = ar; path = Localizable.strings; sourceTree = "<group>"; };
		E0DEE5AC2AABCEF200E3D9C2 /* en */ = {isa = PBXFileReference; lastKnownFileType = text.plist.strings; name = en; path = Localizable.strings; sourceTree = "<group>"; };
		E0DEE5AE2AABCF5700E3D9C2 /* ImageProfileView.swift */ = {isa = PBXFileReference; fileEncoding = 4; lastKnownFileType = sourcecode.swift; path = ImageProfileView.swift; sourceTree = "<group>"; };
		E0DEE5B02AABCFEA00E3D9C2 /* ImageProfileViewModel.swift */ = {isa = PBXFileReference; fileEncoding = 4; lastKnownFileType = sourcecode.swift; path = ImageProfileViewModel.swift; sourceTree = "<group>"; };
		E0DEE5B22AABD77600E3D9C2 /* GameComponentView.swift */ = {isa = PBXFileReference; fileEncoding = 4; lastKnownFileType = sourcecode.swift; path = GameComponentView.swift; sourceTree = "<group>"; };
		E0DEE5B42AABDAE600E3D9C2 /* SplashScreenView.swift */ = {isa = PBXFileReference; lastKnownFileType = sourcecode.swift; path = SplashScreenView.swift; sourceTree = "<group>"; };
/* End PBXFileReference section */

/* Begin PBXFrameworksBuildPhase section */
		1AF490172A9E8BB9005DBE6A /* Frameworks */ = {
			isa = PBXFrameworksBuildPhase;
			buildActionMask = 2147483647;
			files = (
				1AF490382A9E8F8B005DBE6A /* FirebaseFirestoreSwift in Frameworks */,
				1AF4903C2A9E8F8B005DBE6A /* FirebaseStorageCombine-Community in Frameworks */,
				1AF490302A9E8F8B005DBE6A /* FirebaseAuth in Frameworks */,
				1AF490362A9E8F8B005DBE6A /* FirebaseFirestoreCombine-Community in Frameworks */,
				1AF490322A9E8F8B005DBE6A /* FirebaseAuthCombine-Community in Frameworks */,
				1AF490342A9E8F8B005DBE6A /* FirebaseFirestore in Frameworks */,
				1AF4903A2A9E8F8B005DBE6A /* FirebaseStorage in Frameworks */,
			);
			runOnlyForDeploymentPostprocessing = 0;
		};
/* End PBXFrameworksBuildPhase section */

/* Begin PBXGroup section */
		1ACA54362AAD4C9D00F5CB7D /* Saira_Semi_Condensed */ = {
			isa = PBXGroup;
			children = (
				1ACA544E2AAD4E5C00F5CB7D /* SairaSemiCondensed-Black.ttf */,
				1ACA54382AAD4C9D00F5CB7D /* SairaSemiCondensed-Medium.ttf */,
				1ACA54392AAD4C9D00F5CB7D /* SairaSemiCondensed-Bold.ttf */,
				1ACA543A2AAD4C9D00F5CB7D /* SairaSemiCondensed-Thin.ttf */,
				1ACA543B2AAD4C9D00F5CB7D /* SairaSemiCondensed-Regular.ttf */,
				1ACA543C2AAD4C9D00F5CB7D /* SairaSemiCondensed-ExtraBold.ttf */,
				1ACA543D2AAD4C9D00F5CB7D /* SairaSemiCondensed-ExtraLight.ttf */,
				1ACA543E2AAD4C9D00F5CB7D /* SairaSemiCondensed-SemiBold.ttf */,
				1ACA543F2AAD4C9D00F5CB7D /* OFL.txt */,
				1ACA54402AAD4C9D00F5CB7D /* SairaSemiCondensed-Light.ttf */,
			);
			name = Saira_Semi_Condensed;
			path = finalProject/Saira_Semi_Condensed;
			sourceTree = "<group>";
			usesTabs = 0;
		};
		1AF490112A9E8BB9005DBE6A = {
			isa = PBXGroup;
			children = (
				1ACA54362AAD4C9D00F5CB7D /* Saira_Semi_Condensed */,
				1AF4901C2A9E8BB9005DBE6A /* finalProject */,
				1AF4901B2A9E8BB9005DBE6A /* Products */,
			);
			sourceTree = "<group>";
		};
		1AF4901B2A9E8BB9005DBE6A /* Products */ = {
			isa = PBXGroup;
			children = (
				1AF4901A2A9E8BB9005DBE6A /* finalProject.app */,
			);
			name = Products;
			sourceTree = "<group>";
		};
		1AF4901C2A9E8BB9005DBE6A /* finalProject */ = {
			isa = PBXGroup;
			children = (
				E0DEE5AA2AABCEF200E3D9C2 /* en.lproj */,
				E0DEE5A62AABCEE300E3D9C2 /* ar.lproj */,
				1AF4902D2A9E8E0F005DBE6A /* Models */,
				1AF4902B2A9E8DFD005DBE6A /* ViewModel */,
				1AF4902C2A9E8E08005DBE6A /* Views */,
				1AF4901D2A9E8BB9005DBE6A /* finalProjectApp.swift */,
				1AF490212A9E8BBB005DBE6A /* Assets.xcassets */,
				1A7D57AC2AA2978A00B82DBD /* GoogleService-Info.plist */,
				1AF490232A9E8BBB005DBE6A /* Preview Content */,
			);
			path = finalProject;
			sourceTree = "<group>";
		};
		1AF490232A9E8BBB005DBE6A /* Preview Content */ = {
			isa = PBXGroup;
			children = (
				1A7D57B22AA5329B00B82DBD /* gamesv2.json */,
				1AF490242A9E8BBB005DBE6A /* Preview Assets.xcassets */,
			);
			path = "Preview Content";
			sourceTree = "<group>";
		};
		1AF4902B2A9E8DFD005DBE6A /* ViewModel */ = {
			isa = PBXGroup;
			children = (
				E0DEE5B02AABCFEA00E3D9C2 /* ImageProfileViewModel.swift */,
				1A7D57AE2AA3D74B00B82DBD /* UserDataViewModel.swift */,
			);
			path = ViewModel;
			sourceTree = "<group>";
		};
		1AF4902C2A9E8E08005DBE6A /* Views */ = {
			isa = PBXGroup;
			children = (
				E0DEE5AE2AABCF5700E3D9C2 /* ImageProfileView.swift */,
				1AFF8E622AA9AE3C008954B5 /* CommentView.swift */,
				1AFF8E642AA9AE3C008954B5 /* DetailsGameView.swift */,
				1AFF8E672AA9AE3C008954B5 /* GameView.swift */,
				1AFF8E612AA9AE3B008954B5 /* HomeView.swift */,
				1AFF8E632AA9AE3C008954B5 /* ListView.swift */,
				1AFF8E652AA9AE3C008954B5 /* mainView.swift */,
				E0DEE5B22AABD77600E3D9C2 /* GameComponentView.swift */,
				1AFF8E662AA9AE3C008954B5 /* ProfileView.swift */,
				1AFF8E682AA9AE3C008954B5 /* RatingView.swift */,
				1AF4901F2A9E8BB9005DBE6A /* RootView.swift */,
				1A7D57A02A9FDC0400B82DBD /* SignIn.swift */,
				1A7D57A22A9FDCBB00B82DBD /* BackgroundView.swift */,
				1A7D57A42AA07CE500B82DBD /* SignUp.swift */,
				1A6DA2192AA671070030F6A2 /* test.swift */,
				E0DEE5B42AABDAE600E3D9C2 /* SplashScreenView.swift */,
			);
			path = Views;
			sourceTree = "<group>";
		};
		1AF4902D2A9E8E0F005DBE6A /* Models */ = {
			isa = PBXGroup;
			children = (
				1AFF8E712AA9B2C1008954B5 /* GameModel.swift */,
				1A7D579C2A9E9EB200B82DBD /* UserModel.swift */,
				1A7D579E2A9FB7A400B82DBD /* GameComments.swift */,
				1A6DA21B2AA674760030F6A2 /* GamesData.swift */,
				1ACA54332AACA05700F5CB7D /* Comments.swift */,
			);
			path = Models;
			sourceTree = "<group>";
		};
		E0DEE5A62AABCEE300E3D9C2 /* ar.lproj */ = {
			isa = PBXGroup;
			children = (
				E0DEE5A72AABCEE300E3D9C2 /* Localizable.strings */,
			);
			path = ar.lproj;
			sourceTree = SOURCE_ROOT;
		};
		E0DEE5AA2AABCEF200E3D9C2 /* en.lproj */ = {
			isa = PBXGroup;
			children = (
				E0DEE5AB2AABCEF200E3D9C2 /* Localizable.strings */,
			);
			name = en.lproj;
			path = finalProject/en.lproj;
			sourceTree = SOURCE_ROOT;
		};
/* End PBXGroup section */

/* Begin PBXNativeTarget section */
		1AF490192A9E8BB9005DBE6A /* finalProject */ = {
			isa = PBXNativeTarget;
			buildConfigurationList = 1AF490282A9E8BBB005DBE6A /* Build configuration list for PBXNativeTarget "finalProject" */;
			buildPhases = (
				1AF490162A9E8BB9005DBE6A /* Sources */,
				1AF490172A9E8BB9005DBE6A /* Frameworks */,
				1AF490182A9E8BB9005DBE6A /* Resources */,
			);
			buildRules = (
			);
			dependencies = (
			);
			name = finalProject;
			packageProductDependencies = (
				1AF4902F2A9E8F8B005DBE6A /* FirebaseAuth */,
				1AF490312A9E8F8B005DBE6A /* FirebaseAuthCombine-Community */,
				1AF490332A9E8F8B005DBE6A /* FirebaseFirestore */,
				1AF490352A9E8F8B005DBE6A /* FirebaseFirestoreCombine-Community */,
				1AF490372A9E8F8B005DBE6A /* FirebaseFirestoreSwift */,
				1AF490392A9E8F8B005DBE6A /* FirebaseStorage */,
				1AF4903B2A9E8F8B005DBE6A /* FirebaseStorageCombine-Community */,
			);
			productName = finalProject;
			productReference = 1AF4901A2A9E8BB9005DBE6A /* finalProject.app */;
			productType = "com.apple.product-type.application";
		};
/* End PBXNativeTarget section */

/* Begin PBXProject section */
		1AF490122A9E8BB9005DBE6A /* Project object */ = {
			isa = PBXProject;
			attributes = {
				BuildIndependentTargetsInParallel = 1;
				LastSwiftUpdateCheck = 1430;
				LastUpgradeCheck = 1430;
				TargetAttributes = {
					1AF490192A9E8BB9005DBE6A = {
						CreatedOnToolsVersion = 14.3.1;
					};
				};
			};
			buildConfigurationList = 1AF490152A9E8BB9005DBE6A /* Build configuration list for PBXProject "finalProject copy" */;
			compatibilityVersion = "Xcode 14.0";
			developmentRegion = en;
			hasScannedForEncodings = 0;
			knownRegions = (
				en,
				Base,
				ar,
			);
			mainGroup = 1AF490112A9E8BB9005DBE6A;
			packageReferences = (
				1AF4902E2A9E8F8A005DBE6A /* XCRemoteSwiftPackageReference "firebase-ios-sdk" */,
			);
			productRefGroup = 1AF4901B2A9E8BB9005DBE6A /* Products */;
			projectDirPath = "";
			projectRoot = "";
			targets = (
				1AF490192A9E8BB9005DBE6A /* finalProject */,
			);
		};
/* End PBXProject section */

/* Begin PBXResourcesBuildPhase section */
		1AF490182A9E8BB9005DBE6A /* Resources */ = {
			isa = PBXResourcesBuildPhase;
			buildActionMask = 2147483647;
			files = (
				1ACA54422AAD4C9D00F5CB7D /* SairaSemiCondensed-Medium.ttf in Resources */,
				1ACA544C2AAD4E5C00F5CB7D /* SairaSemiCondensed-Black.ttf in Resources */,
				1ACA54452AAD4C9D00F5CB7D /* SairaSemiCondensed-Regular.ttf in Resources */,
				1AF490252A9E8BBB005DBE6A /* Preview Assets.xcassets in Resources */,
				1ACA54482AAD4C9D00F5CB7D /* SairaSemiCondensed-SemiBold.ttf in Resources */,
				1ACA54432AAD4C9D00F5CB7D /* SairaSemiCondensed-Bold.ttf in Resources */,
				1ACA544B2AAD4CE200F5CB7D /* OFL.txt in Resources */,
				E0DEE5A92AABCEE300E3D9C2 /* Localizable.strings in Resources */,
				1ACA54472AAD4C9D00F5CB7D /* SairaSemiCondensed-ExtraLight.ttf in Resources */,
				1ACA54462AAD4C9D00F5CB7D /* SairaSemiCondensed-ExtraBold.ttf in Resources */,
				1A7D57AD2AA2978B00B82DBD /* GoogleService-Info.plist in Resources */,
				1ACA54442AAD4C9D00F5CB7D /* SairaSemiCondensed-Thin.ttf in Resources */,
				E0DEE5AD2AABCEF200E3D9C2 /* Localizable.strings in Resources */,
				1A7D57B32AA5329B00B82DBD /* gamesv2.json in Resources */,
				1ACA544A2AAD4C9D00F5CB7D /* SairaSemiCondensed-Light.ttf in Resources */,
				1AF490222A9E8BBB005DBE6A /* Assets.xcassets in Resources */,
			);
			runOnlyForDeploymentPostprocessing = 0;
		};
/* End PBXResourcesBuildPhase section */

/* Begin PBXSourcesBuildPhase section */
		1AF490162A9E8BB9005DBE6A /* Sources */ = {
			isa = PBXSourcesBuildPhase;
			buildActionMask = 2147483647;
			files = (
				1A7D57A52AA07CE500B82DBD /* SignUp.swift in Sources */,
				1AFF8E6B2AA9AE3C008954B5 /* ListView.swift in Sources */,
				1A7D57A32A9FDCBC00B82DBD /* BackgroundView.swift in Sources */,
				1AFF8E702AA9AE3C008954B5 /* RatingView.swift in Sources */,
				E0DEE5AF2AABCF5700E3D9C2 /* ImageProfileView.swift in Sources */,
				1AFF8E6D2AA9AE3C008954B5 /* mainView.swift in Sources */,
				1AF490202A9E8BB9005DBE6A /* RootView.swift in Sources */,
				E0DEE5B52AABDAE600E3D9C2 /* SplashScreenView.swift in Sources */,
				1AFF8E6F2AA9AE3C008954B5 /* GameView.swift in Sources */,
				1A7D579F2A9FB7A400B82DBD /* GameComments.swift in Sources */,
				1AFF8E6C2AA9AE3C008954B5 /* DetailsGameView.swift in Sources */,
				1A6DA21A2AA671070030F6A2 /* test.swift in Sources */,
				1AFF8E722AA9B2C1008954B5 /* GameModel.swift in Sources */,
				1AFF8E6E2AA9AE3C008954B5 /* ProfileView.swift in Sources */,
				1AFF8E6A2AA9AE3C008954B5 /* CommentView.swift in Sources */,
				1A6DA21C2AA674760030F6A2 /* GamesData.swift in Sources */,
				E0DEE5B32AABD77600E3D9C2 /* GameComponentView.swift in Sources */,
				1A7D57A12A9FDC0400B82DBD /* SignIn.swift in Sources */,
				1A7D579D2A9E9EB200B82DBD /* UserModel.swift in Sources */,
				1AF4901E2A9E8BB9005DBE6A /* finalProjectApp.swift in Sources */,
				1A7D57AF2AA3D74B00B82DBD /* UserDataViewModel.swift in Sources */,
				1ACA54352AAD4AB700F5CB7D /* HomeView.swift in Sources */,
				E0DEE5B12AABCFEA00E3D9C2 /* ImageProfileViewModel.swift in Sources */,
				1ACA54342AACA05700F5CB7D /* Comments.swift in Sources */,
			);
			runOnlyForDeploymentPostprocessing = 0;
		};
/* End PBXSourcesBuildPhase section */

/* Begin PBXVariantGroup section */
		1ACA544E2AAD4E5C00F5CB7D /* SairaSemiCondensed-Black.ttf */ = {
			isa = PBXVariantGroup;
			children = (
				1ACA544D2AAD4E5C00F5CB7D /* Base */,
				1ACA544F2AAD4E6800F5CB7D /* en */,
				1ACA54502AAD4E6900F5CB7D /* ar */,
			);
			name = "SairaSemiCondensed-Black.ttf";
			sourceTree = "<group>";
		};
		E0DEE5A72AABCEE300E3D9C2 /* Localizable.strings */ = {
			isa = PBXVariantGroup;
			children = (
				E0DEE5A82AABCEE300E3D9C2 /* ar */,
			);
			name = Localizable.strings;
			sourceTree = "<group>";
		};
		E0DEE5AB2AABCEF200E3D9C2 /* Localizable.strings */ = {
			isa = PBXVariantGroup;
			children = (
				E0DEE5AC2AABCEF200E3D9C2 /* en */,
			);
			name = Localizable.strings;
			sourceTree = "<group>";
		};
/* End PBXVariantGroup section */

/* Begin XCBuildConfiguration section */
		1AF490262A9E8BBB005DBE6A /* Debug */ = {
			isa = XCBuildConfiguration;
			buildSettings = {
				ALWAYS_SEARCH_USER_PATHS = NO;
				CLANG_ANALYZER_NONNULL = YES;
				CLANG_ANALYZER_NUMBER_OBJECT_CONVERSION = YES_AGGRESSIVE;
				CLANG_CXX_LANGUAGE_STANDARD = "gnu++20";
				CLANG_ENABLE_MODULES = YES;
				CLANG_ENABLE_OBJC_ARC = YES;
				CLANG_ENABLE_OBJC_WEAK = YES;
				CLANG_WARN_BLOCK_CAPTURE_AUTORELEASING = YES;
				CLANG_WARN_BOOL_CONVERSION = YES;
				CLANG_WARN_COMMA = YES;
				CLANG_WARN_CONSTANT_CONVERSION = YES;
				CLANG_WARN_DEPRECATED_OBJC_IMPLEMENTATIONS = YES;
				CLANG_WARN_DIRECT_OBJC_ISA_USAGE = YES_ERROR;
				CLANG_WARN_DOCUMENTATION_COMMENTS = YES;
				CLANG_WARN_EMPTY_BODY = YES;
				CLANG_WARN_ENUM_CONVERSION = YES;
				CLANG_WARN_INFINITE_RECURSION = YES;
				CLANG_WARN_INT_CONVERSION = YES;
				CLANG_WARN_NON_LITERAL_NULL_CONVERSION = YES;
				CLANG_WARN_OBJC_IMPLICIT_RETAIN_SELF = YES;
				CLANG_WARN_OBJC_LITERAL_CONVERSION = YES;
				CLANG_WARN_OBJC_ROOT_CLASS = YES_ERROR;
				CLANG_WARN_QUOTED_INCLUDE_IN_FRAMEWORK_HEADER = YES;
				CLANG_WARN_RANGE_LOOP_ANALYSIS = YES;
				CLANG_WARN_STRICT_PROTOTYPES = YES;
				CLANG_WARN_SUSPICIOUS_MOVE = YES;
				CLANG_WARN_UNGUARDED_AVAILABILITY = YES_AGGRESSIVE;
				CLANG_WARN_UNREACHABLE_CODE = YES;
				CLANG_WARN__DUPLICATE_METHOD_MATCH = YES;
				COPY_PHASE_STRIP = NO;
				DEBUG_INFORMATION_FORMAT = dwarf;
				ENABLE_STRICT_OBJC_MSGSEND = YES;
				ENABLE_TESTABILITY = YES;
				GCC_C_LANGUAGE_STANDARD = gnu11;
				GCC_DYNAMIC_NO_PIC = NO;
				GCC_NO_COMMON_BLOCKS = YES;
				GCC_OPTIMIZATION_LEVEL = 0;
				GCC_PREPROCESSOR_DEFINITIONS = (
					"DEBUG=1",
					"$(inherited)",
				);
				GCC_WARN_64_TO_32_BIT_CONVERSION = YES;
				GCC_WARN_ABOUT_RETURN_TYPE = YES_ERROR;
				GCC_WARN_UNDECLARED_SELECTOR = YES;
				GCC_WARN_UNINITIALIZED_AUTOS = YES_AGGRESSIVE;
				GCC_WARN_UNUSED_FUNCTION = YES;
				GCC_WARN_UNUSED_VARIABLE = YES;
				IPHONEOS_DEPLOYMENT_TARGET = 16.4;
				MTL_ENABLE_DEBUG_INFO = INCLUDE_SOURCE;
				MTL_FAST_MATH = YES;
				ONLY_ACTIVE_ARCH = YES;
				SDKROOT = iphoneos;
				SWIFT_ACTIVE_COMPILATION_CONDITIONS = DEBUG;
				SWIFT_OPTIMIZATION_LEVEL = "-Onone";
			};
			name = Debug;
		};
		1AF490272A9E8BBB005DBE6A /* Release */ = {
			isa = XCBuildConfiguration;
			buildSettings = {
				ALWAYS_SEARCH_USER_PATHS = NO;
				CLANG_ANALYZER_NONNULL = YES;
				CLANG_ANALYZER_NUMBER_OBJECT_CONVERSION = YES_AGGRESSIVE;
				CLANG_CXX_LANGUAGE_STANDARD = "gnu++20";
				CLANG_ENABLE_MODULES = YES;
				CLANG_ENABLE_OBJC_ARC = YES;
				CLANG_ENABLE_OBJC_WEAK = YES;
				CLANG_WARN_BLOCK_CAPTURE_AUTORELEASING = YES;
				CLANG_WARN_BOOL_CONVERSION = YES;
				CLANG_WARN_COMMA = YES;
				CLANG_WARN_CONSTANT_CONVERSION = YES;
				CLANG_WARN_DEPRECATED_OBJC_IMPLEMENTATIONS = YES;
				CLANG_WARN_DIRECT_OBJC_ISA_USAGE = YES_ERROR;
				CLANG_WARN_DOCUMENTATION_COMMENTS = YES;
				CLANG_WARN_EMPTY_BODY = YES;
				CLANG_WARN_ENUM_CONVERSION = YES;
				CLANG_WARN_INFINITE_RECURSION = YES;
				CLANG_WARN_INT_CONVERSION = YES;
				CLANG_WARN_NON_LITERAL_NULL_CONVERSION = YES;
				CLANG_WARN_OBJC_IMPLICIT_RETAIN_SELF = YES;
				CLANG_WARN_OBJC_LITERAL_CONVERSION = YES;
				CLANG_WARN_OBJC_ROOT_CLASS = YES_ERROR;
				CLANG_WARN_QUOTED_INCLUDE_IN_FRAMEWORK_HEADER = YES;
				CLANG_WARN_RANGE_LOOP_ANALYSIS = YES;
				CLANG_WARN_STRICT_PROTOTYPES = YES;
				CLANG_WARN_SUSPICIOUS_MOVE = YES;
				CLANG_WARN_UNGUARDED_AVAILABILITY = YES_AGGRESSIVE;
				CLANG_WARN_UNREACHABLE_CODE = YES;
				CLANG_WARN__DUPLICATE_METHOD_MATCH = YES;
				COPY_PHASE_STRIP = NO;
				DEBUG_INFORMATION_FORMAT = "dwarf-with-dsym";
				ENABLE_NS_ASSERTIONS = NO;
				ENABLE_STRICT_OBJC_MSGSEND = YES;
				GCC_C_LANGUAGE_STANDARD = gnu11;
				GCC_NO_COMMON_BLOCKS = YES;
				GCC_WARN_64_TO_32_BIT_CONVERSION = YES;
				GCC_WARN_ABOUT_RETURN_TYPE = YES_ERROR;
				GCC_WARN_UNDECLARED_SELECTOR = YES;
				GCC_WARN_UNINITIALIZED_AUTOS = YES_AGGRESSIVE;
				GCC_WARN_UNUSED_FUNCTION = YES;
				GCC_WARN_UNUSED_VARIABLE = YES;
				IPHONEOS_DEPLOYMENT_TARGET = 16.4;
				MTL_ENABLE_DEBUG_INFO = NO;
				MTL_FAST_MATH = YES;
				SDKROOT = iphoneos;
				SWIFT_COMPILATION_MODE = wholemodule;
				SWIFT_OPTIMIZATION_LEVEL = "-O";
				VALIDATE_PRODUCT = YES;
			};
			name = Release;
		};
		1AF490292A9E8BBB005DBE6A /* Debug */ = {
			isa = XCBuildConfiguration;
			buildSettings = {
				ASSETCATALOG_COMPILER_APPICON_NAME = AppIcon;
				ASSETCATALOG_COMPILER_GLOBAL_ACCENT_COLOR_NAME = AccentColor;
				CODE_SIGN_STYLE = Automatic;
				CURRENT_PROJECT_VERSION = 1;
				DEVELOPMENT_ASSET_PATHS = "\"finalProject/Preview Content\"";
				ENABLE_PREVIEWS = YES;
				GENERATE_INFOPLIST_FILE = YES;
				INFOPLIST_KEY_UIApplicationSceneManifest_Generation = YES;
				INFOPLIST_KEY_UIApplicationSupportsIndirectInputEvents = YES;
				INFOPLIST_KEY_UILaunchScreen_Generation = YES;
				INFOPLIST_KEY_UISupportedInterfaceOrientations_iPad = "UIInterfaceOrientationPortrait UIInterfaceOrientationPortraitUpsideDown UIInterfaceOrientationLandscapeLeft UIInterfaceOrientationLandscapeRight";
				INFOPLIST_KEY_UISupportedInterfaceOrientations_iPhone = "UIInterfaceOrientationPortrait UIInterfaceOrientationLandscapeLeft UIInterfaceOrientationLandscapeRight";
				LD_RUNPATH_SEARCH_PATHS = (
					"$(inherited)",
					"@executable_path/Frameworks",
				);
				MARKETING_VERSION = 1.0;
				PRODUCT_BUNDLE_IDENTIFIER = Muneera.GamesVault;
				PRODUCT_NAME = "$(TARGET_NAME)";
				SWIFT_EMIT_LOC_STRINGS = YES;
				SWIFT_VERSION = 5.0;
				TARGETED_DEVICE_FAMILY = "1,2";
			};
			name = Debug;
		};
		1AF4902A2A9E8BBB005DBE6A /* Release */ = {
			isa = XCBuildConfiguration;
			buildSettings = {
				ASSETCATALOG_COMPILER_APPICON_NAME = AppIcon;
				ASSETCATALOG_COMPILER_GLOBAL_ACCENT_COLOR_NAME = AccentColor;
				CODE_SIGN_STYLE = Automatic;
				CURRENT_PROJECT_VERSION = 1;
				DEVELOPMENT_ASSET_PATHS = "\"finalProject/Preview Content\"";
				ENABLE_PREVIEWS = YES;
				GENERATE_INFOPLIST_FILE = YES;
				INFOPLIST_KEY_UIApplicationSceneManifest_Generation = YES;
				INFOPLIST_KEY_UIApplicationSupportsIndirectInputEvents = YES;
				INFOPLIST_KEY_UILaunchScreen_Generation = YES;
				INFOPLIST_KEY_UISupportedInterfaceOrientations_iPad = "UIInterfaceOrientationPortrait UIInterfaceOrientationPortraitUpsideDown UIInterfaceOrientationLandscapeLeft UIInterfaceOrientationLandscapeRight";
				INFOPLIST_KEY_UISupportedInterfaceOrientations_iPhone = "UIInterfaceOrientationPortrait UIInterfaceOrientationLandscapeLeft UIInterfaceOrientationLandscapeRight";
				LD_RUNPATH_SEARCH_PATHS = (
					"$(inherited)",
					"@executable_path/Frameworks",
				);
				MARKETING_VERSION = 1.0;
				PRODUCT_BUNDLE_IDENTIFIER = Muneera.GamesVault;
				PRODUCT_NAME = "$(TARGET_NAME)";
				SWIFT_EMIT_LOC_STRINGS = YES;
				SWIFT_VERSION = 5.0;
				TARGETED_DEVICE_FAMILY = "1,2";
			};
			name = Release;
		};
/* End XCBuildConfiguration section */

/* Begin XCConfigurationList section */
		1AF490152A9E8BB9005DBE6A /* Build configuration list for PBXProject "finalProject copy" */ = {
			isa = XCConfigurationList;
			buildConfigurations = (
				1AF490262A9E8BBB005DBE6A /* Debug */,
				1AF490272A9E8BBB005DBE6A /* Release */,
			);
			defaultConfigurationIsVisible = 0;
			defaultConfigurationName = Release;
		};
		1AF490282A9E8BBB005DBE6A /* Build configuration list for PBXNativeTarget "finalProject" */ = {
			isa = XCConfigurationList;
			buildConfigurations = (
				1AF490292A9E8BBB005DBE6A /* Debug */,
				1AF4902A2A9E8BBB005DBE6A /* Release */,
			);
			defaultConfigurationIsVisible = 0;
			defaultConfigurationName = Release;
		};
/* End XCConfigurationList section */

/* Begin XCRemoteSwiftPackageReference section */
		1AF4902E2A9E8F8A005DBE6A /* XCRemoteSwiftPackageReference "firebase-ios-sdk" */ = {
			isa = XCRemoteSwiftPackageReference;
			repositoryURL = "https://github.com/firebase/firebase-ios-sdk";
			requirement = {
				kind = upToNextMajorVersion;
				minimumVersion = 10.0.0;
			};
		};
/* End XCRemoteSwiftPackageReference section */

/* Begin XCSwiftPackageProductDependency section */
		1AF4902F2A9E8F8B005DBE6A /* FirebaseAuth */ = {
			isa = XCSwiftPackageProductDependency;
			package = 1AF4902E2A9E8F8A005DBE6A /* XCRemoteSwiftPackageReference "firebase-ios-sdk" */;
			productName = FirebaseAuth;
		};
		1AF490312A9E8F8B005DBE6A /* FirebaseAuthCombine-Community */ = {
			isa = XCSwiftPackageProductDependency;
			package = 1AF4902E2A9E8F8A005DBE6A /* XCRemoteSwiftPackageReference "firebase-ios-sdk" */;
			productName = "FirebaseAuthCombine-Community";
		};
		1AF490332A9E8F8B005DBE6A /* FirebaseFirestore */ = {
			isa = XCSwiftPackageProductDependency;
			package = 1AF4902E2A9E8F8A005DBE6A /* XCRemoteSwiftPackageReference "firebase-ios-sdk" */;
			productName = FirebaseFirestore;
		};
		1AF490352A9E8F8B005DBE6A /* FirebaseFirestoreCombine-Community */ = {
			isa = XCSwiftPackageProductDependency;
			package = 1AF4902E2A9E8F8A005DBE6A /* XCRemoteSwiftPackageReference "firebase-ios-sdk" */;
			productName = "FirebaseFirestoreCombine-Community";
		};
		1AF490372A9E8F8B005DBE6A /* FirebaseFirestoreSwift */ = {
			isa = XCSwiftPackageProductDependency;
			package = 1AF4902E2A9E8F8A005DBE6A /* XCRemoteSwiftPackageReference "firebase-ios-sdk" */;
			productName = FirebaseFirestoreSwift;
		};
		1AF490392A9E8F8B005DBE6A /* FirebaseStorage */ = {
			isa = XCSwiftPackageProductDependency;
			package = 1AF4902E2A9E8F8A005DBE6A /* XCRemoteSwiftPackageReference "firebase-ios-sdk" */;
			productName = FirebaseStorage;
		};
		1AF4903B2A9E8F8B005DBE6A /* FirebaseStorageCombine-Community */ = {
			isa = XCSwiftPackageProductDependency;
			package = 1AF4902E2A9E8F8A005DBE6A /* XCRemoteSwiftPackageReference "firebase-ios-sdk" */;
			productName = "FirebaseStorageCombine-Community";
		};
/* End XCSwiftPackageProductDependency section */
	};
	rootObject = 1AF490122A9E8BB9005DBE6A /* Project object */;
}
